
Microsoft Visual Studio Solution File, Format Version 12.00
# Visual Studio Version 16
VisualStudioVersion = 16.0.29102.190
MinimumVisualStudioVersion = 10.0.40219.1
Project("{2150E333-8FDC-42A3-9474-1A3956D46DE8}") = "src", "src", "{28302217-A430-4611-A772-00425B7CB74B}"
EndProject
Project("{FAE04EC0-301F-11D3-BF4B-00C04F79EFBC}") = "TDSTecnologia.Site.Web", "TDSTecnologia.Site.Web\TDSTecnologia.Site.Web.csproj", "{22C2BD6C-FF12-42E9-86A5-91D67A2EC677}"
EndProject
Project("{FAE04EC0-301F-11D3-BF4B-00C04F79EFBC}") = "TDSTecnologia.Site.Core", "TDSTecnologia.Site.Core\TDSTecnologia.Site.Core.csproj", "{A59761EB-B277-4E63-9785-CE8410EB72B5}"
EndProject
Project("{FAE04EC0-301F-11D3-BF4B-00C04F79EFBC}") = "TDSTecnologia.Site.Infrastructure", "TDSTecnologia.Site.Infrastructure\TDSTecnologia.Site.Infrastructure.csproj", "{AF9BB88D-20BA-49C7-9CA9-C2DE543AEC4B}"
EndProject
Global
	GlobalSection(SolutionConfigurationPlatforms) = preSolution
		Debug|Any CPU = Debug|Any CPU
		Release|Any CPU = Release|Any CPU
	EndGlobalSection
	GlobalSection(ProjectConfigurationPlatforms) = postSolution
		{22C2BD6C-FF12-42E9-86A5-91D67A2EC677}.Debug|Any CPU.ActiveCfg = Debug|Any CPU
		{22C2BD6C-FF12-42E9-86A5-91D67A2EC677}.Debug|Any CPU.Build.0 = Debug|Any CPU
		{22C2BD6C-FF12-42E9-86A5-91D67A2EC677}.Release|Any CPU.ActiveCfg = Release|Any CPU
		{22C2BD6C-FF12-42E9-86A5-91D67A2EC677}.Release|Any CPU.Build.0 = Release|Any CPU
		{A59761EB-B277-4E63-9785-CE8410EB72B5}.Debug|Any CPU.ActiveCfg = Debug|Any CPU
		{A59761EB-B277-4E63-9785-CE8410EB72B5}.Debug|Any CPU.Build.0 = Debug|Any CPU
		{A59761EB-B277-4E63-9785-CE8410EB72B5}.Release|Any CPU.ActiveCfg = Release|Any CPU
		{A59761EB-B277-4E63-9785-CE8410EB72B5}.Release|Any CPU.Build.0 = Release|Any CPU
		{AF9BB88D-20BA-49C7-9CA9-C2DE543AEC4B}.Debug|Any CPU.ActiveCfg = Debug|Any CPU
		{AF9BB88D-20BA-49C7-9CA9-C2DE543AEC4B}.Debug|Any CPU.Build.0 = Debug|Any CPU
		{AF9BB88D-20BA-49C7-9CA9-C2DE543AEC4B}.Release|Any CPU.ActiveCfg = Release|Any CPU
		{AF9BB88D-20BA-49C7-9CA9-C2DE543AEC4B}.Release|Any CPU.Build.0 = Release|Any CPU
	EndGlobalSection
	GlobalSection(SolutionProperties) = preSolution
		HideSolutionNode = FALSE
	EndGlobalSection
	GlobalSection(NestedProjects) = preSolution
		{22C2BD6C-FF12-42E9-86A5-91D67A2EC677} = {28302217-A430-4611-A772-00425B7CB74B}
		{A59761EB-B277-4E63-9785-CE8410EB72B5} = {28302217-A430-4611-A772-00425B7CB74B}
		{AF9BB88D-20BA-49C7-9CA9-C2DE543AEC4B} = {28302217-A430-4611-A772-00425B7CB74B}
	EndGlobalSection
	GlobalSection(ExtensibilityGlobals) = postSolution
		SolutionGuid = {052F9247-487F-4171-8A59-325B6435ED1A}
	EndGlobalSection
EndGlobal
